
Microsoft Visual Studio Solution File, Format Version 12.00
# Visual Studio Version 17
VisualStudioVersion = 17.14.36414.22 d17.14
MinimumVisualStudioVersion = 10.0.40219.1
Project("{FAE04EC0-301F-11D3-BF4B-00C04F79EFBC}") = "PublicCarRental", "PublicCarRental.csproj", "{ABC02F27-9459-4C87-8DA0-6AC94B62C913}"
EndProject
Global
	GlobalSection(SolutionConfigurationPlatforms) = preSolution
		Debug|Any CPU = Debug|Any CPU
		Release|Any CPU = Release|Any CPU
	EndGlobalSection
	GlobalSection(ProjectConfigurationPlatforms) = postSolution
		{ABC02F27-9459-4C87-8DA0-6AC94B62C913}.Debug|Any CPU.ActiveCfg = Debug|Any CPU
		{ABC02F27-9459-4C87-8DA0-6AC94B62C913}.Debug|Any CPU.Build.0 = Debug|Any CPU
		{ABC02F27-9459-4C87-8DA0-6AC94B62C913}.Release|Any CPU.ActiveCfg = Release|Any CPU
		{ABC02F27-9459-4C87-8DA0-6AC94B62C913}.Release|Any CPU.Build.0 = Release|Any CPU
	EndGlobalSection
	GlobalSection(SolutionProperties) = preSolution
		HideSolutionNode = FALSE
	EndGlobalSection
	GlobalSection(ExtensibilityGlobals) = postSolution
		SolutionGuid = {E9618374-94BE-4AA6-839C-A37C6B63B894}
	EndGlobalSection
EndGlobal
